
Microsoft Visual Studio Solution File, Format Version 12.00
Project("{FAE04EC0-301F-11D3-BF4B-00C04F79EFBC}") = "Patrick-CSharp-ClassDemo", "Patrick-CSharp-ClassDemo\Patrick-CSharp-ClassDemo.csproj", "{0CC48DC3-D655-491C-A107-640952C454CF}"
EndProject
Global
	GlobalSection(SolutionConfigurationPlatforms) = preSolution
		Debug|Any CPU = Debug|Any CPU
		Release|Any CPU = Release|Any CPU
	EndGlobalSection
	GlobalSection(ProjectConfigurationPlatforms) = postSolution
		{0CC48DC3-D655-491C-A107-640952C454CF}.Debug|Any CPU.ActiveCfg = Debug|Any CPU
		{0CC48DC3-D655-491C-A107-640952C454CF}.Debug|Any CPU.Build.0 = Debug|Any CPU
		{0CC48DC3-D655-491C-A107-640952C454CF}.Release|Any CPU.ActiveCfg = Release|Any CPU
		{0CC48DC3-D655-491C-A107-640952C454CF}.Release|Any CPU.Build.0 = Release|Any CPU
	EndGlobalSection
EndGlobal
